// !$*UTF8*$!
{
	archiveVersion = 1;
	classes = {
	};
	objectVersion = 50;
	objects = {

/* Begin PBXBuildFile section */
		7C64C5AE218362B600F2DE39 /* AppDelegate.swift in Sources */ = {isa = PBXBuildFile; fileRef = 7C64C5AD218362B600F2DE39 /* AppDelegate.swift */; };
		7C64C5B3218362B600F2DE39 /* Main.storyboard in Resources */ = {isa = PBXBuildFile; fileRef = 7C64C5B1218362B600F2DE39 /* Main.storyboard */; };
		7C64C5B6218362B600F2DE39 /* rrm.xcdatamodeld in Sources */ = {isa = PBXBuildFile; fileRef = 7C64C5B4218362B600F2DE39 /* rrm.xcdatamodeld */; };
		7C64C5B8218362B800F2DE39 /* Assets.xcassets in Resources */ = {isa = PBXBuildFile; fileRef = 7C64C5B7218362B800F2DE39 /* Assets.xcassets */; };
		7C64C5BB218362B800F2DE39 /* LaunchScreen.storyboard in Resources */ = {isa = PBXBuildFile; fileRef = 7C64C5B9218362B800F2DE39 /* LaunchScreen.storyboard */; };
		7C64C5C6218362B800F2DE39 /* rrmTests.swift in Sources */ = {isa = PBXBuildFile; fileRef = 7C64C5C5218362B800F2DE39 /* rrmTests.swift */; };
		7C64C5D1218362B900F2DE39 /* rrmUITests.swift in Sources */ = {isa = PBXBuildFile; fileRef = 7C64C5D0218362B900F2DE39 /* rrmUITests.swift */; };
		7C64C5DF2183630F00F2DE39 /* RecruiterTableViewController.swift in Sources */ = {isa = PBXBuildFile; fileRef = 7C64C5DE2183630F00F2DE39 /* RecruiterTableViewController.swift */; };
		7C64C5E12183637300F2DE39 /* RecruiterStore.swift in Sources */ = {isa = PBXBuildFile; fileRef = 7C64C5E02183637300F2DE39 /* RecruiterStore.swift */; };
		7C64C5E32183639E00F2DE39 /* Recruiter.swift in Sources */ = {isa = PBXBuildFile; fileRef = 7C64C5E22183639E00F2DE39 /* Recruiter.swift */; };
		7C64C5E52183651F00F2DE39 /* Position.swift in Sources */ = {isa = PBXBuildFile; fileRef = 7C64C5E42183651F00F2DE39 /* Position.swift */; };
		7C64C5E72183667D00F2DE39 /* ContactType.swift in Sources */ = {isa = PBXBuildFile; fileRef = 7C64C5E62183667D00F2DE39 /* ContactType.swift */; };
		7C64C5E9218381F300F2DE39 /* RRMUtilities.swift in Sources */ = {isa = PBXBuildFile; fileRef = 7C64C5E8218381F300F2DE39 /* RRMUtilities.swift */; };
/* End PBXBuildFile section */

/* Begin PBXContainerItemProxy section */
		7C64C5C2218362B800F2DE39 /* PBXContainerItemProxy */ = {
			isa = PBXContainerItemProxy;
			containerPortal = 7C64C5A2218362B600F2DE39 /* Project object */;
			proxyType = 1;
			remoteGlobalIDString = 7C64C5A9218362B600F2DE39;
			remoteInfo = rrm;
		};
		7C64C5CD218362B800F2DE39 /* PBXContainerItemProxy */ = {
			isa = PBXContainerItemProxy;
			containerPortal = 7C64C5A2218362B600F2DE39 /* Project object */;
			proxyType = 1;
			remoteGlobalIDString = 7C64C5A9218362B600F2DE39;
			remoteInfo = rrm;
		};
/* End PBXContainerItemProxy section */

/* Begin PBXFileReference section */
		7C64C5AA218362B600F2DE39 /* rrm.app */ = {isa = PBXFileReference; explicitFileType = wrapper.application; includeInIndex = 0; path = rrm.app; sourceTree = BUILT_PRODUCTS_DIR; };
		7C64C5AD218362B600F2DE39 /* AppDelegate.swift */ = {isa = PBXFileReference; lastKnownFileType = sourcecode.swift; path = AppDelegate.swift; sourceTree = "<group>"; };
		7C64C5B2218362B600F2DE39 /* Base */ = {isa = PBXFileReference; lastKnownFileType = file.storyboard; name = Base; path = Base.lproj/Main.storyboard; sourceTree = "<group>"; };
		7C64C5B5218362B600F2DE39 /* rrm.xcdatamodel */ = {isa = PBXFileReference; lastKnownFileType = wrapper.xcdatamodel; path = rrm.xcdatamodel; sourceTree = "<group>"; };
		7C64C5B7218362B800F2DE39 /* Assets.xcassets */ = {isa = PBXFileReference; lastKnownFileType = folder.assetcatalog; path = Assets.xcassets; sourceTree = "<group>"; };
		7C64C5BA218362B800F2DE39 /* Base */ = {isa = PBXFileReference; lastKnownFileType = file.storyboard; name = Base; path = Base.lproj/LaunchScreen.storyboard; sourceTree = "<group>"; };
		7C64C5BC218362B800F2DE39 /* Info.plist */ = {isa = PBXFileReference; lastKnownFileType = text.plist.xml; path = Info.plist; sourceTree = "<group>"; };
		7C64C5C1218362B800F2DE39 /* rrmTests.xctest */ = {isa = PBXFileReference; explicitFileType = wrapper.cfbundle; includeInIndex = 0; path = rrmTests.xctest; sourceTree = BUILT_PRODUCTS_DIR; };
		7C64C5C5218362B800F2DE39 /* rrmTests.swift */ = {isa = PBXFileReference; lastKnownFileType = sourcecode.swift; path = rrmTests.swift; sourceTree = "<group>"; };
		7C64C5C7218362B800F2DE39 /* Info.plist */ = {isa = PBXFileReference; lastKnownFileType = text.plist.xml; path = Info.plist; sourceTree = "<group>"; };
		7C64C5CC218362B800F2DE39 /* rrmUITests.xctest */ = {isa = PBXFileReference; explicitFileType = wrapper.cfbundle; includeInIndex = 0; path = rrmUITests.xctest; sourceTree = BUILT_PRODUCTS_DIR; };
		7C64C5D0218362B900F2DE39 /* rrmUITests.swift */ = {isa = PBXFileReference; lastKnownFileType = sourcecode.swift; path = rrmUITests.swift; sourceTree = "<group>"; };
		7C64C5D2218362B900F2DE39 /* Info.plist */ = {isa = PBXFileReference; lastKnownFileType = text.plist.xml; path = Info.plist; sourceTree = "<group>"; };
		7C64C5DE2183630F00F2DE39 /* RecruiterTableViewController.swift */ = {isa = PBXFileReference; lastKnownFileType = sourcecode.swift; path = RecruiterTableViewController.swift; sourceTree = "<group>"; };
		7C64C5E02183637300F2DE39 /* RecruiterStore.swift */ = {isa = PBXFileReference; lastKnownFileType = sourcecode.swift; path = RecruiterStore.swift; sourceTree = "<group>"; };
		7C64C5E22183639E00F2DE39 /* Recruiter.swift */ = {isa = PBXFileReference; lastKnownFileType = sourcecode.swift; path = Recruiter.swift; sourceTree = "<group>"; };
		7C64C5E42183651F00F2DE39 /* Position.swift */ = {isa = PBXFileReference; lastKnownFileType = sourcecode.swift; path = Position.swift; sourceTree = "<group>"; };
		7C64C5E62183667D00F2DE39 /* ContactType.swift */ = {isa = PBXFileReference; lastKnownFileType = sourcecode.swift; path = ContactType.swift; sourceTree = "<group>"; };
		7C64C5E8218381F300F2DE39 /* RRMUtilities.swift */ = {isa = PBXFileReference; lastKnownFileType = sourcecode.swift; path = RRMUtilities.swift; sourceTree = "<group>"; };
/* End PBXFileReference section */

/* Begin PBXFrameworksBuildPhase section */
		7C64C5A7218362B600F2DE39 /* Frameworks */ = {
			isa = PBXFrameworksBuildPhase;
			buildActionMask = 2147483647;
			files = (
			);
			runOnlyForDeploymentPostprocessing = 0;
		};
		7C64C5BE218362B800F2DE39 /* Frameworks */ = {
			isa = PBXFrameworksBuildPhase;
			buildActionMask = 2147483647;
			files = (
			);
			runOnlyForDeploymentPostprocessing = 0;
		};
		7C64C5C9218362B800F2DE39 /* Frameworks */ = {
			isa = PBXFrameworksBuildPhase;
			buildActionMask = 2147483647;
			files = (
			);
			runOnlyForDeploymentPostprocessing = 0;
		};
/* End PBXFrameworksBuildPhase section */

/* Begin PBXGroup section */
		7C64C5A1218362B600F2DE39 = {
			isa = PBXGroup;
			children = (
				7C64C5AC218362B600F2DE39 /* rrm */,
				7C64C5C4218362B800F2DE39 /* rrmTests */,
				7C64C5CF218362B800F2DE39 /* rrmUITests */,
				7C64C5AB218362B600F2DE39 /* Products */,
			);
			sourceTree = "<group>";
		};
		7C64C5AB218362B600F2DE39 /* Products */ = {
			isa = PBXGroup;
			children = (
				7C64C5AA218362B600F2DE39 /* rrm.app */,
				7C64C5C1218362B800F2DE39 /* rrmTests.xctest */,
				7C64C5CC218362B800F2DE39 /* rrmUITests.xctest */,
			);
			name = Products;
			sourceTree = "<group>";
		};
		7C64C5AC218362B600F2DE39 /* rrm */ = {
			isa = PBXGroup;
			children = (
				7C64C5AD218362B600F2DE39 /* AppDelegate.swift */,
				7C64C5DE2183630F00F2DE39 /* RecruiterTableViewController.swift */,
				7C64C5E02183637300F2DE39 /* RecruiterStore.swift */,
				7C64C5E8218381F300F2DE39 /* RRMUtilities.swift */,
				7C64C5E22183639E00F2DE39 /* Recruiter.swift */,
				7C64C5E42183651F00F2DE39 /* Position.swift */,
				7C64C5E62183667D00F2DE39 /* ContactType.swift */,
				7C64C5B1218362B600F2DE39 /* Main.storyboard */,
				7C64C5B7218362B800F2DE39 /* Assets.xcassets */,
				7C64C5B9218362B800F2DE39 /* LaunchScreen.storyboard */,
				7C64C5BC218362B800F2DE39 /* Info.plist */,
				7C64C5B4218362B600F2DE39 /* rrm.xcdatamodeld */,
			);
			path = rrm;
			sourceTree = "<group>";
		};
		7C64C5C4218362B800F2DE39 /* rrmTests */ = {
			isa = PBXGroup;
			children = (
				7C64C5C5218362B800F2DE39 /* rrmTests.swift */,
				7C64C5C7218362B800F2DE39 /* Info.plist */,
			);
			path = rrmTests;
			sourceTree = "<group>";
		};
		7C64C5CF218362B800F2DE39 /* rrmUITests */ = {
			isa = PBXGroup;
			children = (
				7C64C5D0218362B900F2DE39 /* rrmUITests.swift */,
				7C64C5D2218362B900F2DE39 /* Info.plist */,
			);
			path = rrmUITests;
			sourceTree = "<group>";
		};
/* End PBXGroup section */

/* Begin PBXNativeTarget section */
		7C64C5A9218362B600F2DE39 /* rrm */ = {
			isa = PBXNativeTarget;
			buildConfigurationList = 7C64C5D5218362B900F2DE39 /* Build configuration list for PBXNativeTarget "rrm" */;
			buildPhases = (
				7C64C5A6218362B600F2DE39 /* Sources */,
				7C64C5A7218362B600F2DE39 /* Frameworks */,
				7C64C5A8218362B600F2DE39 /* Resources */,
			);
			buildRules = (
			);
			dependencies = (
			);
			name = rrm;
			productName = rrm;
			productReference = 7C64C5AA218362B600F2DE39 /* rrm.app */;
			productType = "com.apple.product-type.application";
		};
		7C64C5C0218362B800F2DE39 /* rrmTests */ = {
			isa = PBXNativeTarget;
			buildConfigurationList = 7C64C5D8218362B900F2DE39 /* Build configuration list for PBXNativeTarget "rrmTests" */;
			buildPhases = (
				7C64C5BD218362B800F2DE39 /* Sources */,
				7C64C5BE218362B800F2DE39 /* Frameworks */,
				7C64C5BF218362B800F2DE39 /* Resources */,
			);
			buildRules = (
			);
			dependencies = (
				7C64C5C3218362B800F2DE39 /* PBXTargetDependency */,
			);
			name = rrmTests;
			productName = rrmTests;
			productReference = 7C64C5C1218362B800F2DE39 /* rrmTests.xctest */;
			productType = "com.apple.product-type.bundle.unit-test";
		};
		7C64C5CB218362B800F2DE39 /* rrmUITests */ = {
			isa = PBXNativeTarget;
			buildConfigurationList = 7C64C5DB218362B900F2DE39 /* Build configuration list for PBXNativeTarget "rrmUITests" */;
			buildPhases = (
				7C64C5C8218362B800F2DE39 /* Sources */,
				7C64C5C9218362B800F2DE39 /* Frameworks */,
				7C64C5CA218362B800F2DE39 /* Resources */,
			);
			buildRules = (
			);
			dependencies = (
				7C64C5CE218362B800F2DE39 /* PBXTargetDependency */,
			);
			name = rrmUITests;
			productName = rrmUITests;
			productReference = 7C64C5CC218362B800F2DE39 /* rrmUITests.xctest */;
			productType = "com.apple.product-type.bundle.ui-testing";
		};
/* End PBXNativeTarget section */

/* Begin PBXProject section */
		7C64C5A2218362B600F2DE39 /* Project object */ = {
			isa = PBXProject;
			attributes = {
				LastSwiftUpdateCheck = 1000;
				LastUpgradeCheck = 1000;
				ORGANIZATIONNAME = "Drew Sullivan, DMA";
				TargetAttributes = {
					7C64C5A9218362B600F2DE39 = {
						CreatedOnToolsVersion = 10.0;
					};
					7C64C5C0218362B800F2DE39 = {
						CreatedOnToolsVersion = 10.0;
						TestTargetID = 7C64C5A9218362B600F2DE39;
					};
					7C64C5CB218362B800F2DE39 = {
						CreatedOnToolsVersion = 10.0;
						TestTargetID = 7C64C5A9218362B600F2DE39;
					};
				};
			};
			buildConfigurationList = 7C64C5A5218362B600F2DE39 /* Build configuration list for PBXProject "rrm" */;
			compatibilityVersion = "Xcode 9.3";
			developmentRegion = en;
			hasScannedForEncodings = 0;
			knownRegions = (
				en,
				Base,
			);
			mainGroup = 7C64C5A1218362B600F2DE39;
			productRefGroup = 7C64C5AB218362B600F2DE39 /* Products */;
			projectDirPath = "";
			projectRoot = "";
			targets = (
				7C64C5A9218362B600F2DE39 /* rrm */,
				7C64C5C0218362B800F2DE39 /* rrmTests */,
				7C64C5CB218362B800F2DE39 /* rrmUITests */,
			);
		};
/* End PBXProject section */

/* Begin PBXResourcesBuildPhase section */
		7C64C5A8218362B600F2DE39 /* Resources */ = {
			isa = PBXResourcesBuildPhase;
			buildActionMask = 2147483647;
			files = (
				7C64C5BB218362B800F2DE39 /* LaunchScreen.storyboard in Resources */,
				7C64C5B8218362B800F2DE39 /* Assets.xcassets in Resources */,
				7C64C5B3218362B600F2DE39 /* Main.storyboard in Resources */,
			);
			runOnlyForDeploymentPostprocessing = 0;
		};
		7C64C5BF218362B800F2DE39 /* Resources */ = {
			isa = PBXResourcesBuildPhase;
			buildActionMask = 2147483647;
			files = (
			);
			runOnlyForDeploymentPostprocessing = 0;
		};
		7C64C5CA218362B800F2DE39 /* Resources */ = {
			isa = PBXResourcesBuildPhase;
			buildActionMask = 2147483647;
			files = (
			);
			runOnlyForDeploymentPostprocessing = 0;
		};
/* End PBXResourcesBuildPhase section */

/* Begin PBXSourcesBuildPhase section */
		7C64C5A6218362B600F2DE39 /* Sources */ = {
			isa = PBXSourcesBuildPhase;
			buildActionMask = 2147483647;
			files = (
				7C64C5DF2183630F00F2DE39 /* RecruiterTableViewController.swift in Sources */,
				7C64C5E72183667D00F2DE39 /* ContactType.swift in Sources */,
				7C64C5E9218381F300F2DE39 /* RRMUtilities.swift in Sources */,
				7C64C5E12183637300F2DE39 /* RecruiterStore.swift in Sources */,
				7C64C5E52183651F00F2DE39 /* Position.swift in Sources */,
				7C64C5AE218362B600F2DE39 /* AppDelegate.swift in Sources */,
				7C64C5B6218362B600F2DE39 /* rrm.xcdatamodeld in Sources */,
				7C64C5E32183639E00F2DE39 /* Recruiter.swift in Sources */,
			);
			runOnlyForDeploymentPostprocessing = 0;
		};
		7C64C5BD218362B800F2DE39 /* Sources */ = {
			isa = PBXSourcesBuildPhase;
			buildActionMask = 2147483647;
			files = (
				7C64C5C6218362B800F2DE39 /* rrmTests.swift in Sources */,
			);
			runOnlyForDeploymentPostprocessing = 0;
		};
		7C64C5C8218362B800F2DE39 /* Sources */ = {
			isa = PBXSourcesBuildPhase;
			buildActionMask = 2147483647;
			files = (
				7C64C5D1218362B900F2DE39 /* rrmUITests.swift in Sources */,
			);
			runOnlyForDeploymentPostprocessing = 0;
		};
/* End PBXSourcesBuildPhase section */

/* Begin PBXTargetDependency section */
		7C64C5C3218362B800F2DE39 /* PBXTargetDependency */ = {
			isa = PBXTargetDependency;
			target = 7C64C5A9218362B600F2DE39 /* rrm */;
			targetProxy = 7C64C5C2218362B800F2DE39 /* PBXContainerItemProxy */;
		};
		7C64C5CE218362B800F2DE39 /* PBXTargetDependency */ = {
			isa = PBXTargetDependency;
			target = 7C64C5A9218362B600F2DE39 /* rrm */;
			targetProxy = 7C64C5CD218362B800F2DE39 /* PBXContainerItemProxy */;
		};
/* End PBXTargetDependency section */

/* Begin PBXVariantGroup section */
		7C64C5B1218362B600F2DE39 /* Main.storyboard */ = {
			isa = PBXVariantGroup;
			children = (
				7C64C5B2218362B600F2DE39 /* Base */,
			);
			name = Main.storyboard;
			sourceTree = "<group>";
		};
		7C64C5B9218362B800F2DE39 /* LaunchScreen.storyboard */ = {
			isa = PBXVariantGroup;
			children = (
				7C64C5BA218362B800F2DE39 /* Base */,
			);
			name = LaunchScreen.storyboard;
			sourceTree = "<group>";
		};
/* End PBXVariantGroup section */

/* Begin XCBuildConfiguration section */
		7C64C5D3218362B900F2DE39 /* Debug */ = {
			isa = XCBuildConfiguration;
			buildSettings = {
				ALWAYS_SEARCH_USER_PATHS = NO;
				CLANG_ANALYZER_NONNULL = YES;
				CLANG_ANALYZER_NUMBER_OBJECT_CONVERSION = YES_AGGRESSIVE;
				CLANG_CXX_LANGUAGE_STANDARD = "gnu++14";
				CLANG_CXX_LIBRARY = "libc++";
				CLANG_ENABLE_MODULES = YES;
				CLANG_ENABLE_OBJC_ARC = YES;
				CLANG_ENABLE_OBJC_WEAK = YES;
				CLANG_WARN_BLOCK_CAPTURE_AUTORELEASING = YES;
				CLANG_WARN_BOOL_CONVERSION = YES;
				CLANG_WARN_COMMA = YES;
				CLANG_WARN_CONSTANT_CONVERSION = YES;
				CLANG_WARN_DEPRECATED_OBJC_IMPLEMENTATIONS = YES;
				CLANG_WARN_DIRECT_OBJC_ISA_USAGE = YES_ERROR;
				CLANG_WARN_DOCUMENTATION_COMMENTS = YES;
				CLANG_WARN_EMPTY_BODY = YES;
				CLANG_WARN_ENUM_CONVERSION = YES;
				CLANG_WARN_INFINITE_RECURSION = YES;
				CLANG_WARN_INT_CONVERSION = YES;
				CLANG_WARN_NON_LITERAL_NULL_CONVERSION = YES;
				CLANG_WARN_OBJC_IMPLICIT_RETAIN_SELF = YES;
				CLANG_WARN_OBJC_LITERAL_CONVERSION = YES;
				CLANG_WARN_OBJC_ROOT_CLASS = YES_ERROR;
				CLANG_WARN_RANGE_LOOP_ANALYSIS = YES;
				CLANG_WARN_STRICT_PROTOTYPES = YES;
				CLANG_WARN_SUSPICIOUS_MOVE = YES;
				CLANG_WARN_UNGUARDED_AVAILABILITY = YES_AGGRESSIVE;
				CLANG_WARN_UNREACHABLE_CODE = YES;
				CLANG_WARN__DUPLICATE_METHOD_MATCH = YES;
				CODE_SIGN_IDENTITY = "iPhone Developer";
				COPY_PHASE_STRIP = NO;
				DEBUG_INFORMATION_FORMAT = dwarf;
				ENABLE_STRICT_OBJC_MSGSEND = YES;
				ENABLE_TESTABILITY = YES;
				GCC_C_LANGUAGE_STANDARD = gnu11;
				GCC_DYNAMIC_NO_PIC = NO;
				GCC_NO_COMMON_BLOCKS = YES;
				GCC_OPTIMIZATION_LEVEL = 0;
				GCC_PREPROCESSOR_DEFINITIONS = (
					"DEBUG=1",
					"$(inherited)",
				);
				GCC_WARN_64_TO_32_BIT_CONVERSION = YES;
				GCC_WARN_ABOUT_RETURN_TYPE = YES_ERROR;
				GCC_WARN_UNDECLARED_SELECTOR = YES;
				GCC_WARN_UNINITIALIZED_AUTOS = YES_AGGRESSIVE;
				GCC_WARN_UNUSED_FUNCTION = YES;
				GCC_WARN_UNUSED_VARIABLE = YES;
				IPHONEOS_DEPLOYMENT_TARGET = 12.0;
				MTL_ENABLE_DEBUG_INFO = INCLUDE_SOURCE;
				MTL_FAST_MATH = YES;
				ONLY_ACTIVE_ARCH = YES;
				SDKROOT = iphoneos;
				SWIFT_ACTIVE_COMPILATION_CONDITIONS = DEBUG;
				SWIFT_OPTIMIZATION_LEVEL = "-Onone";
			};
			name = Debug;
		};
		7C64C5D4218362B900F2DE39 /* Release */ = {
			isa = XCBuildConfiguration;
			buildSettings = {
				ALWAYS_SEARCH_USER_PATHS = NO;
				CLANG_ANALYZER_NONNULL = YES;
				CLANG_ANALYZER_NUMBER_OBJECT_CONVERSION = YES_AGGRESSIVE;
				CLANG_CXX_LANGUAGE_STANDARD = "gnu++14";
				CLANG_CXX_LIBRARY = "libc++";
				CLANG_ENABLE_MODULES = YES;
				CLANG_ENABLE_OBJC_ARC = YES;
				CLANG_ENABLE_OBJC_WEAK = YES;
				CLANG_WARN_BLOCK_CAPTURE_AUTORELEASING = YES;
				CLANG_WARN_BOOL_CONVERSION = YES;
				CLANG_WARN_COMMA = YES;
				CLANG_WARN_CONSTANT_CONVERSION = YES;
				CLANG_WARN_DEPRECATED_OBJC_IMPLEMENTATIONS = YES;
				CLANG_WARN_DIRECT_OBJC_ISA_USAGE = YES_ERROR;
				CLANG_WARN_DOCUMENTATION_COMMENTS = YES;
				CLANG_WARN_EMPTY_BODY = YES;
				CLANG_WARN_ENUM_CONVERSION = YES;
				CLANG_WARN_INFINITE_RECURSION = YES;
				CLANG_WARN_INT_CONVERSION = YES;
				CLANG_WARN_NON_LITERAL_NULL_CONVERSION = YES;
				CLANG_WARN_OBJC_IMPLICIT_RETAIN_SELF = YES;
				CLANG_WARN_OBJC_LITERAL_CONVERSION = YES;
				CLANG_WARN_OBJC_ROOT_CLASS = YES_ERROR;
				CLANG_WARN_RANGE_LOOP_ANALYSIS = YES;
				CLANG_WARN_STRICT_PROTOTYPES = YES;
				CLANG_WARN_SUSPICIOUS_MOVE = YES;
				CLANG_WARN_UNGUARDED_AVAILABILITY = YES_AGGRESSIVE;
				CLANG_WARN_UNREACHABLE_CODE = YES;
				CLANG_WARN__DUPLICATE_METHOD_MATCH = YES;
				CODE_SIGN_IDENTITY = "iPhone Developer";
				COPY_PHASE_STRIP = NO;
				DEBUG_INFORMATION_FORMAT = "dwarf-with-dsym";
				ENABLE_NS_ASSERTIONS = NO;
				ENABLE_STRICT_OBJC_MSGSEND = YES;
				GCC_C_LANGUAGE_STANDARD = gnu11;
				GCC_NO_COMMON_BLOCKS = YES;
				GCC_WARN_64_TO_32_BIT_CONVERSION = YES;
				GCC_WARN_ABOUT_RETURN_TYPE = YES_ERROR;
				GCC_WARN_UNDECLARED_SELECTOR = YES;
				GCC_WARN_UNINITIALIZED_AUTOS = YES_AGGRESSIVE;
				GCC_WARN_UNUSED_FUNCTION = YES;
				GCC_WARN_UNUSED_VARIABLE = YES;
				IPHONEOS_DEPLOYMENT_TARGET = 12.0;
				MTL_ENABLE_DEBUG_INFO = NO;
				MTL_FAST_MATH = YES;
				SDKROOT = iphoneos;
				SWIFT_COMPILATION_MODE = wholemodule;
				SWIFT_OPTIMIZATION_LEVEL = "-O";
				VALIDATE_PRODUCT = YES;
			};
			name = Release;
		};
		7C64C5D6218362B900F2DE39 /* Debug */ = {
			isa = XCBuildConfiguration;
			buildSettings = {
				ASSETCATALOG_COMPILER_APPICON_NAME = AppIcon;
				CODE_SIGN_STYLE = Automatic;
				DEVELOPMENT_TEAM = 8JKMQ4CU85;
				INFOPLIST_FILE = rrm/Info.plist;
				LD_RUNPATH_SEARCH_PATHS = (
					"$(inherited)",
					"@executable_path/Frameworks",
				);
				PRODUCT_BUNDLE_IDENTIFIER = com.drewsullivandma.rrm;
				PRODUCT_NAME = "$(TARGET_NAME)";
				SWIFT_VERSION = 4.2;
				TARGETED_DEVICE_FAMILY = "1,2";
			};
			name = Debug;
		};
		7C64C5D7218362B900F2DE39 /* Release */ = {
			isa = XCBuildConfiguration;
			buildSettings = {
				ASSETCATALOG_COMPILER_APPICON_NAME = AppIcon;
				CODE_SIGN_STYLE = Automatic;
				DEVELOPMENT_TEAM = 8JKMQ4CU85;
				INFOPLIST_FILE = rrm/Info.plist;
				LD_RUNPATH_SEARCH_PATHS = (
					"$(inherited)",
					"@executable_path/Frameworks",
				);
				PRODUCT_BUNDLE_IDENTIFIER = com.drewsullivandma.rrm;
				PRODUCT_NAME = "$(TARGET_NAME)";
				SWIFT_VERSION = 4.2;
				TARGETED_DEVICE_FAMILY = "1,2";
			};
			name = Release;
		};
		7C64C5D9218362B900F2DE39 /* Debug */ = {
			isa = XCBuildConfiguration;
			buildSettings = {
				ALWAYS_EMBED_SWIFT_STANDARD_LIBRARIES = YES;
				BUNDLE_LOADER = "$(TEST_HOST)";
				CODE_SIGN_STYLE = Automatic;
				DEVELOPMENT_TEAM = 8JKMQ4CU85;
				INFOPLIST_FILE = rrmTests/Info.plist;
				LD_RUNPATH_SEARCH_PATHS = (
					"$(inherited)",
					"@executable_path/Frameworks",
					"@loader_path/Frameworks",
				);
				PRODUCT_BUNDLE_IDENTIFIER = com.drewsullivandma.rrmTests;
				PRODUCT_NAME = "$(TARGET_NAME)";
				SWIFT_VERSION = 4.2;
				TARGETED_DEVICE_FAMILY = "1,2";
				TEST_HOST = "$(BUILT_PRODUCTS_DIR)/rrm.app/rrm";
			};
			name = Debug;
		};
		7C64C5DA218362B900F2DE39 /* Release */ = {
			isa = XCBuildConfiguration;
			buildSettings = {
				ALWAYS_EMBED_SWIFT_STANDARD_LIBRARIES = YES;
				BUNDLE_LOADER = "$(TEST_HOST)";
				CODE_SIGN_STYLE = Automatic;
				DEVELOPMENT_TEAM = 8JKMQ4CU85;
				INFOPLIST_FILE = rrmTests/Info.plist;
				LD_RUNPATH_SEARCH_PATHS = (
					"$(inherited)",
					"@executable_path/Frameworks",
					"@loader_path/Frameworks",
				);
				PRODUCT_BUNDLE_IDENTIFIER = com.drewsullivandma.rrmTests;
				PRODUCT_NAME = "$(TARGET_NAME)";
				SWIFT_VERSION = 4.2;
				TARGETED_DEVICE_FAMILY = "1,2";
				TEST_HOST = "$(BUILT_PRODUCTS_DIR)/rrm.app/rrm";
			};
			name = Release;
		};
		7C64C5DC218362B900F2DE39 /* Debug */ = {
			isa = XCBuildConfiguration;
			buildSettings = {
				ALWAYS_EMBED_SWIFT_STANDARD_LIBRARIES = YES;
				CODE_SIGN_STYLE = Automatic;
				DEVELOPMENT_TEAM = 8JKMQ4CU85;
				INFOPLIST_FILE = rrmUITests/Info.plist;
				LD_RUNPATH_SEARCH_PATHS = (
					"$(inherited)",
					"@executable_path/Frameworks",
					"@loader_path/Frameworks",
				);
				PRODUCT_BUNDLE_IDENTIFIER = com.drewsullivandma.rrmUITests;
				PRODUCT_NAME = "$(TARGET_NAME)";
				SWIFT_VERSION = 4.2;
				TARGETED_DEVICE_FAMILY = "1,2";
				TEST_TARGET_NAME = rrm;
			};
			name = Debug;
		};
		7C64C5DD218362B900F2DE39 /* Release */ = {
			isa = XCBuildConfiguration;
			buildSettings = {
				ALWAYS_EMBED_SWIFT_STANDARD_LIBRARIES = YES;
				CODE_SIGN_STYLE = Automatic;
				DEVELOPMENT_TEAM = 8JKMQ4CU85;
				INFOPLIST_FILE = rrmUITests/Info.plist;
				LD_RUNPATH_SEARCH_PATHS = (
					"$(inherited)",
					"@executable_path/Frameworks",
					"@loader_path/Frameworks",
				);
				PRODUCT_BUNDLE_IDENTIFIER = com.drewsullivandma.rrmUITests;
				PRODUCT_NAME = "$(TARGET_NAME)";
				SWIFT_VERSION = 4.2;
				TARGETED_DEVICE_FAMILY = "1,2";
				TEST_TARGET_NAME = rrm;
			};
			name = Release;
		};
/* End XCBuildConfiguration section */

/* Begin XCConfigurationList section */
		7C64C5A5218362B600F2DE39 /* Build configuration list for PBXProject "rrm" */ = {
			isa = XCConfigurationList;
			buildConfigurations = (
				7C64C5D3218362B900F2DE39 /* Debug */,
				7C64C5D4218362B900F2DE39 /* Release */,
			);
			defaultConfigurationIsVisible = 0;
			defaultConfigurationName = Release;
		};
		7C64C5D5218362B900F2DE39 /* Build configuration list for PBXNativeTarget "rrm" */ = {
			isa = XCConfigurationList;
			buildConfigurations = (
				7C64C5D6218362B900F2DE39 /* Debug */,
				7C64C5D7218362B900F2DE39 /* Release */,
			);
			defaultConfigurationIsVisible = 0;
			defaultConfigurationName = Release;
		};
		7C64C5D8218362B900F2DE39 /* Build configuration list for PBXNativeTarget "rrmTests" */ = {
			isa = XCConfigurationList;
			buildConfigurations = (
				7C64C5D9218362B900F2DE39 /* Debug */,
				7C64C5DA218362B900F2DE39 /* Release */,
			);
			defaultConfigurationIsVisible = 0;
			defaultConfigurationName = Release;
		};
		7C64C5DB218362B900F2DE39 /* Build configuration list for PBXNativeTarget "rrmUITests" */ = {
			isa = XCConfigurationList;
			buildConfigurations = (
				7C64C5DC218362B900F2DE39 /* Debug */,
				7C64C5DD218362B900F2DE39 /* Release */,
			);
			defaultConfigurationIsVisible = 0;
			defaultConfigurationName = Release;
		};
/* End XCConfigurationList section */

/* Begin XCVersionGroup section */
		7C64C5B4218362B600F2DE39 /* rrm.xcdatamodeld */ = {
			isa = XCVersionGroup;
			children = (
				7C64C5B5218362B600F2DE39 /* rrm.xcdatamodel */,
			);
			currentVersion = 7C64C5B5218362B600F2DE39 /* rrm.xcdatamodel */;
			path = rrm.xcdatamodeld;
			sourceTree = "<group>";
			versionGroupType = wrapper.xcdatamodel;
		};
/* End XCVersionGroup section */
	};
	rootObject = 7C64C5A2218362B600F2DE39 /* Project object */;
}
