// !$*UTF8*$!
{
	archiveVersion = 1;
	classes = {
	};
	objectVersion = 50;
	objects = {

/* Begin PBXBuildFile section */
		0DD2AC00A85C75B6DB897274 /* Pods_rrmTests.framework in Frameworks */ = {isa = PBXBuildFile; fileRef = BA68E02CF1AFCD7DA0426FAE /* Pods_rrmTests.framework */; };
		3A04CBB8218A907000548CD6 /* NameRelationshipStatus.swift in Sources */ = {isa = PBXBuildFile; fileRef = 3A04CBB7218A907000548CD6 /* NameRelationshipStatus.swift */; };
		3A23BCA32186A2C4002734ED /* String.swift in Sources */ = {isa = PBXBuildFile; fileRef = 3A23BCA22186A2C4002734ED /* String.swift */; };
		3A5453A921861D270033613F /* NewRecruiterFormViewController.swift in Sources */ = {isa = PBXBuildFile; fileRef = 3A5453A821861D270033613F /* NewRecruiterFormViewController.swift */; };
		3A5453AB218621CB0033613F /* Company.swift in Sources */ = {isa = PBXBuildFile; fileRef = 3A5453AA218621CB0033613F /* Company.swift */; };
		3A62DE1E219122B100F79A1E /* UIColor.swift in Sources */ = {isa = PBXBuildFile; fileRef = 3A62DE1D219122B100F79A1E /* UIColor.swift */; };
		3A9230902198B6720024F1C7 /* GoogleService-Info.plist in Resources */ = {isa = PBXBuildFile; fileRef = 3A92308F2198B6720024F1C7 /* GoogleService-Info.plist */; };
		3A94401E218DDBEB00C62EBB /* NewPositionViewController.swift in Sources */ = {isa = PBXBuildFile; fileRef = 3A94401D218DDBEB00C62EBB /* NewPositionViewController.swift */; };
		3A944020218E6F2F00C62EBB /* PositionDetailViewController.swift in Sources */ = {isa = PBXBuildFile; fileRef = 3A94401F218E6F2F00C62EBB /* PositionDetailViewController.swift */; };
		3A944024218F400000C62EBB /* PositionTableViewController.swift in Sources */ = {isa = PBXBuildFile; fileRef = 3A944023218F400000C62EBB /* PositionTableViewController.swift */; };
		3A944027218F4D9F00C62EBB /* PositionStatus.swift in Sources */ = {isa = PBXBuildFile; fileRef = 3A944026218F4D9F00C62EBB /* PositionStatus.swift */; };
		3AB31FAE219739A30038307C /* ClearbitAPI.swift in Sources */ = {isa = PBXBuildFile; fileRef = 3AB31FAD219739A30038307C /* ClearbitAPI.swift */; };
		3AB31FB02197409E0038307C /* PositionTableViewCell.swift in Sources */ = {isa = PBXBuildFile; fileRef = 3AB31FAF2197409E0038307C /* PositionTableViewCell.swift */; };
		55505AB93CEC4489F62635C5 /* Pods_rrm.framework in Frameworks */ = {isa = PBXBuildFile; fileRef = E518169D0880AD44DD359DE2 /* Pods_rrm.framework */; };
		7C64C5AE218362B600F2DE39 /* AppDelegate.swift in Sources */ = {isa = PBXBuildFile; fileRef = 7C64C5AD218362B600F2DE39 /* AppDelegate.swift */; };
		7C64C5B3218362B600F2DE39 /* Main.storyboard in Resources */ = {isa = PBXBuildFile; fileRef = 7C64C5B1218362B600F2DE39 /* Main.storyboard */; };
		7C64C5B6218362B600F2DE39 /* rrm.xcdatamodeld in Sources */ = {isa = PBXBuildFile; fileRef = 7C64C5B4218362B600F2DE39 /* rrm.xcdatamodeld */; };
		7C64C5B8218362B800F2DE39 /* Assets.xcassets in Resources */ = {isa = PBXBuildFile; fileRef = 7C64C5B7218362B800F2DE39 /* Assets.xcassets */; };
		7C64C5BB218362B800F2DE39 /* LaunchScreen.storyboard in Resources */ = {isa = PBXBuildFile; fileRef = 7C64C5B9218362B800F2DE39 /* LaunchScreen.storyboard */; };
		7C64C5C6218362B800F2DE39 /* rrmTests.swift in Sources */ = {isa = PBXBuildFile; fileRef = 7C64C5C5218362B800F2DE39 /* rrmTests.swift */; };
		7C64C5D1218362B900F2DE39 /* rrmUITests.swift in Sources */ = {isa = PBXBuildFile; fileRef = 7C64C5D0218362B900F2DE39 /* rrmUITests.swift */; };
		7C64C5DF2183630F00F2DE39 /* RecruiterTableViewController.swift in Sources */ = {isa = PBXBuildFile; fileRef = 7C64C5DE2183630F00F2DE39 /* RecruiterTableViewController.swift */; };
		7C64C5E12183637300F2DE39 /* DataStore.swift in Sources */ = {isa = PBXBuildFile; fileRef = 7C64C5E02183637300F2DE39 /* DataStore.swift */; };
		7C64C5E32183639E00F2DE39 /* Recruiter.swift in Sources */ = {isa = PBXBuildFile; fileRef = 7C64C5E22183639E00F2DE39 /* Recruiter.swift */; };
		7C64C5E52183651F00F2DE39 /* Position.swift in Sources */ = {isa = PBXBuildFile; fileRef = 7C64C5E42183651F00F2DE39 /* Position.swift */; };
		7C64C5E9218381F300F2DE39 /* RRMUtilities.swift in Sources */ = {isa = PBXBuildFile; fileRef = 7C64C5E8218381F300F2DE39 /* RRMUtilities.swift */; };
		7C64C5ED218391BE00F2DE39 /* RecruiterDetailViewController.swift in Sources */ = {isa = PBXBuildFile; fileRef = 7C64C5EC218391BE00F2DE39 /* RecruiterDetailViewController.swift */; };
		7C64C5EF2183A47000F2DE39 /* RecruiterCell.swift in Sources */ = {isa = PBXBuildFile; fileRef = 7C64C5EE2183A47000F2DE39 /* RecruiterCell.swift */; };
		940F96ED328816C7C705465C /* Pods_rrmUITests.framework in Frameworks */ = {isa = PBXBuildFile; fileRef = D067CC8AABE088338D6E1320 /* Pods_rrmUITests.framework */; };
/* End PBXBuildFile section */

/* Begin PBXContainerItemProxy section */
		7C64C5C2218362B800F2DE39 /* PBXContainerItemProxy */ = {
			isa = PBXContainerItemProxy;
			containerPortal = 7C64C5A2218362B600F2DE39 /* Project object */;
			proxyType = 1;
			remoteGlobalIDString = 7C64C5A9218362B600F2DE39;
			remoteInfo = rrm;
		};
		7C64C5CD218362B800F2DE39 /* PBXContainerItemProxy */ = {
			isa = PBXContainerItemProxy;
			containerPortal = 7C64C5A2218362B600F2DE39 /* Project object */;
			proxyType = 1;
			remoteGlobalIDString = 7C64C5A9218362B600F2DE39;
			remoteInfo = rrm;
		};
/* End PBXContainerItemProxy section */

/* Begin PBXFileReference section */
		125EFAA2E42016547C53DF5C /* Pods-rrm.debug.xcconfig */ = {isa = PBXFileReference; includeInIndex = 1; lastKnownFileType = text.xcconfig; name = "Pods-rrm.debug.xcconfig"; path = "Pods/Target Support Files/Pods-rrm/Pods-rrm.debug.xcconfig"; sourceTree = "<group>"; };
		310A5D440B972DB7444DC45E /* Pods-rrmUITests.release.xcconfig */ = {isa = PBXFileReference; includeInIndex = 1; lastKnownFileType = text.xcconfig; name = "Pods-rrmUITests.release.xcconfig"; path = "Pods/Target Support Files/Pods-rrmUITests/Pods-rrmUITests.release.xcconfig"; sourceTree = "<group>"; };
		3A04CBB7218A907000548CD6 /* NameRelationshipStatus.swift */ = {isa = PBXFileReference; lastKnownFileType = sourcecode.swift; path = NameRelationshipStatus.swift; sourceTree = "<group>"; };
		3A23BCA22186A2C4002734ED /* String.swift */ = {isa = PBXFileReference; lastKnownFileType = sourcecode.swift; path = String.swift; sourceTree = "<group>"; };
		3A5453A821861D270033613F /* NewRecruiterFormViewController.swift */ = {isa = PBXFileReference; lastKnownFileType = sourcecode.swift; path = NewRecruiterFormViewController.swift; sourceTree = "<group>"; };
		3A5453AA218621CB0033613F /* Company.swift */ = {isa = PBXFileReference; lastKnownFileType = sourcecode.swift; path = Company.swift; sourceTree = "<group>"; };
		3A62DE1D219122B100F79A1E /* UIColor.swift */ = {isa = PBXFileReference; lastKnownFileType = sourcecode.swift; path = UIColor.swift; sourceTree = "<group>"; };
		3A92308F2198B6720024F1C7 /* GoogleService-Info.plist */ = {isa = PBXFileReference; fileEncoding = 4; lastKnownFileType = text.plist.xml; path = "GoogleService-Info.plist"; sourceTree = "<group>"; };
		3A94401D218DDBEB00C62EBB /* NewPositionViewController.swift */ = {isa = PBXFileReference; lastKnownFileType = sourcecode.swift; path = NewPositionViewController.swift; sourceTree = "<group>"; };
		3A94401F218E6F2F00C62EBB /* PositionDetailViewController.swift */ = {isa = PBXFileReference; lastKnownFileType = sourcecode.swift; path = PositionDetailViewController.swift; sourceTree = "<group>"; };
		3A944023218F400000C62EBB /* PositionTableViewController.swift */ = {isa = PBXFileReference; lastKnownFileType = sourcecode.swift; path = PositionTableViewController.swift; sourceTree = "<group>"; };
		3A944026218F4D9F00C62EBB /* PositionStatus.swift */ = {isa = PBXFileReference; lastKnownFileType = sourcecode.swift; path = PositionStatus.swift; sourceTree = "<group>"; };
		3AB31FAD219739A30038307C /* ClearbitAPI.swift */ = {isa = PBXFileReference; lastKnownFileType = sourcecode.swift; path = ClearbitAPI.swift; sourceTree = "<group>"; };
		3AB31FAF2197409E0038307C /* PositionTableViewCell.swift */ = {isa = PBXFileReference; lastKnownFileType = sourcecode.swift; path = PositionTableViewCell.swift; sourceTree = "<group>"; };
		7C64C5AA218362B600F2DE39 /* rrm.app */ = {isa = PBXFileReference; explicitFileType = wrapper.application; includeInIndex = 0; path = rrm.app; sourceTree = BUILT_PRODUCTS_DIR; };
		7C64C5AD218362B600F2DE39 /* AppDelegate.swift */ = {isa = PBXFileReference; lastKnownFileType = sourcecode.swift; path = AppDelegate.swift; sourceTree = "<group>"; };
		7C64C5B2218362B600F2DE39 /* Base */ = {isa = PBXFileReference; lastKnownFileType = file.storyboard; name = Base; path = Base.lproj/Main.storyboard; sourceTree = "<group>"; };
		7C64C5B5218362B600F2DE39 /* rrm.xcdatamodel */ = {isa = PBXFileReference; lastKnownFileType = wrapper.xcdatamodel; path = rrm.xcdatamodel; sourceTree = "<group>"; };
		7C64C5B7218362B800F2DE39 /* Assets.xcassets */ = {isa = PBXFileReference; lastKnownFileType = folder.assetcatalog; path = Assets.xcassets; sourceTree = "<group>"; };
		7C64C5BA218362B800F2DE39 /* Base */ = {isa = PBXFileReference; lastKnownFileType = file.storyboard; name = Base; path = Base.lproj/LaunchScreen.storyboard; sourceTree = "<group>"; };
		7C64C5BC218362B800F2DE39 /* Info.plist */ = {isa = PBXFileReference; lastKnownFileType = text.plist.xml; path = Info.plist; sourceTree = "<group>"; };
		7C64C5C1218362B800F2DE39 /* rrmTests.xctest */ = {isa = PBXFileReference; explicitFileType = wrapper.cfbundle; includeInIndex = 0; path = rrmTests.xctest; sourceTree = BUILT_PRODUCTS_DIR; };
		7C64C5C5218362B800F2DE39 /* rrmTests.swift */ = {isa = PBXFileReference; lastKnownFileType = sourcecode.swift; path = rrmTests.swift; sourceTree = "<group>"; };
		7C64C5C7218362B800F2DE39 /* Info.plist */ = {isa = PBXFileReference; lastKnownFileType = text.plist.xml; path = Info.plist; sourceTree = "<group>"; };
		7C64C5CC218362B800F2DE39 /* rrmUITests.xctest */ = {isa = PBXFileReference; explicitFileType = wrapper.cfbundle; includeInIndex = 0; path = rrmUITests.xctest; sourceTree = BUILT_PRODUCTS_DIR; };
		7C64C5D0218362B900F2DE39 /* rrmUITests.swift */ = {isa = PBXFileReference; lastKnownFileType = sourcecode.swift; path = rrmUITests.swift; sourceTree = "<group>"; };
		7C64C5D2218362B900F2DE39 /* Info.plist */ = {isa = PBXFileReference; lastKnownFileType = text.plist.xml; path = Info.plist; sourceTree = "<group>"; };
		7C64C5DE2183630F00F2DE39 /* RecruiterTableViewController.swift */ = {isa = PBXFileReference; lastKnownFileType = sourcecode.swift; path = RecruiterTableViewController.swift; sourceTree = "<group>"; };
		7C64C5E02183637300F2DE39 /* DataStore.swift */ = {isa = PBXFileReference; lastKnownFileType = sourcecode.swift; path = DataStore.swift; sourceTree = "<group>"; };
		7C64C5E22183639E00F2DE39 /* Recruiter.swift */ = {isa = PBXFileReference; lastKnownFileType = sourcecode.swift; path = Recruiter.swift; sourceTree = "<group>"; };
		7C64C5E42183651F00F2DE39 /* Position.swift */ = {isa = PBXFileReference; lastKnownFileType = sourcecode.swift; path = Position.swift; sourceTree = "<group>"; };
		7C64C5E8218381F300F2DE39 /* RRMUtilities.swift */ = {isa = PBXFileReference; lastKnownFileType = sourcecode.swift; path = RRMUtilities.swift; sourceTree = "<group>"; };
		7C64C5EC218391BE00F2DE39 /* RecruiterDetailViewController.swift */ = {isa = PBXFileReference; lastKnownFileType = sourcecode.swift; path = RecruiterDetailViewController.swift; sourceTree = "<group>"; };
		7C64C5EE2183A47000F2DE39 /* RecruiterCell.swift */ = {isa = PBXFileReference; lastKnownFileType = sourcecode.swift; path = RecruiterCell.swift; sourceTree = "<group>"; };
		8C1E8963AD9A454D5B330CFE /* Pods-rrmUITests.debug.xcconfig */ = {isa = PBXFileReference; includeInIndex = 1; lastKnownFileType = text.xcconfig; name = "Pods-rrmUITests.debug.xcconfig"; path = "Pods/Target Support Files/Pods-rrmUITests/Pods-rrmUITests.debug.xcconfig"; sourceTree = "<group>"; };
		975966BEF9B4C0B0E826E3BE /* Pods-rrmTests.release.xcconfig */ = {isa = PBXFileReference; includeInIndex = 1; lastKnownFileType = text.xcconfig; name = "Pods-rrmTests.release.xcconfig"; path = "Pods/Target Support Files/Pods-rrmTests/Pods-rrmTests.release.xcconfig"; sourceTree = "<group>"; };
		A6042CB539262A02873ADBB4 /* Pods-rrm.release.xcconfig */ = {isa = PBXFileReference; includeInIndex = 1; lastKnownFileType = text.xcconfig; name = "Pods-rrm.release.xcconfig"; path = "Pods/Target Support Files/Pods-rrm/Pods-rrm.release.xcconfig"; sourceTree = "<group>"; };
		BA68E02CF1AFCD7DA0426FAE /* Pods_rrmTests.framework */ = {isa = PBXFileReference; explicitFileType = wrapper.framework; includeInIndex = 0; path = Pods_rrmTests.framework; sourceTree = BUILT_PRODUCTS_DIR; };
		D067CC8AABE088338D6E1320 /* Pods_rrmUITests.framework */ = {isa = PBXFileReference; explicitFileType = wrapper.framework; includeInIndex = 0; path = Pods_rrmUITests.framework; sourceTree = BUILT_PRODUCTS_DIR; };
		E518169D0880AD44DD359DE2 /* Pods_rrm.framework */ = {isa = PBXFileReference; explicitFileType = wrapper.framework; includeInIndex = 0; path = Pods_rrm.framework; sourceTree = BUILT_PRODUCTS_DIR; };
		F8FA54F86335A5BE0728FCB2 /* Pods-rrmTests.debug.xcconfig */ = {isa = PBXFileReference; includeInIndex = 1; lastKnownFileType = text.xcconfig; name = "Pods-rrmTests.debug.xcconfig"; path = "Pods/Target Support Files/Pods-rrmTests/Pods-rrmTests.debug.xcconfig"; sourceTree = "<group>"; };
/* End PBXFileReference section */

/* Begin PBXFrameworksBuildPhase section */
		7C64C5A7218362B600F2DE39 /* Frameworks */ = {
			isa = PBXFrameworksBuildPhase;
			buildActionMask = 2147483647;
			files = (
				55505AB93CEC4489F62635C5 /* Pods_rrm.framework in Frameworks */,
			);
			runOnlyForDeploymentPostprocessing = 0;
		};
		7C64C5BE218362B800F2DE39 /* Frameworks */ = {
			isa = PBXFrameworksBuildPhase;
			buildActionMask = 2147483647;
			files = (
				0DD2AC00A85C75B6DB897274 /* Pods_rrmTests.framework in Frameworks */,
			);
			runOnlyForDeploymentPostprocessing = 0;
		};
		7C64C5C9218362B800F2DE39 /* Frameworks */ = {
			isa = PBXFrameworksBuildPhase;
			buildActionMask = 2147483647;
			files = (
				940F96ED328816C7C705465C /* Pods_rrmUITests.framework in Frameworks */,
			);
			runOnlyForDeploymentPostprocessing = 0;
		};
/* End PBXFrameworksBuildPhase section */

/* Begin PBXGroup section */
		3A04CBB9218A907A00548CD6 /* Enums */ = {
			isa = PBXGroup;
			children = (
				3A04CBB7218A907000548CD6 /* NameRelationshipStatus.swift */,
				3A944026218F4D9F00C62EBB /* PositionStatus.swift */,
			);
			path = Enums;
			sourceTree = "<group>";
		};
		3A0791A321925B540018E871 /* Shared View Controllers */ = {
			isa = PBXGroup;
			children = (
				3A94401D218DDBEB00C62EBB /* NewPositionViewController.swift */,
				3A94401F218E6F2F00C62EBB /* PositionDetailViewController.swift */,
			);
			path = "Shared View Controllers";
			sourceTree = "<group>";
		};
		3A23BCA42186A309002734ED /* Extensions */ = {
			isa = PBXGroup;
			children = (
				3A23BCA22186A2C4002734ED /* String.swift */,
				3A62DE1D219122B100F79A1E /* UIColor.swift */,
			);
			path = Extensions;
			sourceTree = "<group>";
		};
		3A944021218F3DC900C62EBB /* RecruiterTab */ = {
			isa = PBXGroup;
			children = (
				3A5453A821861D270033613F /* NewRecruiterFormViewController.swift */,
				7C64C5EE2183A47000F2DE39 /* RecruiterCell.swift */,
				7C64C5EC218391BE00F2DE39 /* RecruiterDetailViewController.swift */,
				7C64C5DE2183630F00F2DE39 /* RecruiterTableViewController.swift */,
			);
			path = RecruiterTab;
			sourceTree = "<group>";
		};
		3A944022218F3E0F00C62EBB /* Models */ = {
			isa = PBXGroup;
			children = (
				7C64C5E22183639E00F2DE39 /* Recruiter.swift */,
				3A5453AA218621CB0033613F /* Company.swift */,
				7C64C5E42183651F00F2DE39 /* Position.swift */,
			);
			path = Models;
			sourceTree = "<group>";
		};
		3A944025218F40BA00C62EBB /* PositionTab */ = {
			isa = PBXGroup;
			children = (
				3A944023218F400000C62EBB /* PositionTableViewController.swift */,
				3AB31FAF2197409E0038307C /* PositionTableViewCell.swift */,
			);
			path = PositionTab;
			sourceTree = "<group>";
		};
		3ED8E16E2A8FF733B2ECCE93 /* Frameworks */ = {
			isa = PBXGroup;
			children = (
				E518169D0880AD44DD359DE2 /* Pods_rrm.framework */,
				BA68E02CF1AFCD7DA0426FAE /* Pods_rrmTests.framework */,
				D067CC8AABE088338D6E1320 /* Pods_rrmUITests.framework */,
			);
			name = Frameworks;
			sourceTree = "<group>";
		};
		7C64C5A1218362B600F2DE39 = {
			isa = PBXGroup;
			children = (
				7C64C5AC218362B600F2DE39 /* rrm */,
				7C64C5C4218362B800F2DE39 /* rrmTests */,
				7C64C5CF218362B800F2DE39 /* rrmUITests */,
				7C64C5AB218362B600F2DE39 /* Products */,
				DFEB59D90E2983B2481E926D /* Pods */,
				3ED8E16E2A8FF733B2ECCE93 /* Frameworks */,
			);
			sourceTree = "<group>";
		};
		7C64C5AB218362B600F2DE39 /* Products */ = {
			isa = PBXGroup;
			children = (
				7C64C5AA218362B600F2DE39 /* rrm.app */,
				7C64C5C1218362B800F2DE39 /* rrmTests.xctest */,
				7C64C5CC218362B800F2DE39 /* rrmUITests.xctest */,
			);
			name = Products;
			sourceTree = "<group>";
		};
		7C64C5AC218362B600F2DE39 /* rrm */ = {
			isa = PBXGroup;
			children = (
				3A0791A321925B540018E871 /* Shared View Controllers */,
				3A944025218F40BA00C62EBB /* PositionTab */,
				3A944021218F3DC900C62EBB /* RecruiterTab */,
				3A944022218F3E0F00C62EBB /* Models */,
				3A04CBB9218A907A00548CD6 /* Enums */,
				3A23BCA42186A309002734ED /* Extensions */,
				7C64C5AD218362B600F2DE39 /* AppDelegate.swift */,
				3AB31FAD219739A30038307C /* ClearbitAPI.swift */,
				7C64C5E02183637300F2DE39 /* DataStore.swift */,
				7C64C5E8218381F300F2DE39 /* RRMUtilities.swift */,
				7C64C5B1218362B600F2DE39 /* Main.storyboard */,
				7C64C5B7218362B800F2DE39 /* Assets.xcassets */,
				7C64C5B9218362B800F2DE39 /* LaunchScreen.storyboard */,
				7C64C5BC218362B800F2DE39 /* Info.plist */,
				3A92308F2198B6720024F1C7 /* GoogleService-Info.plist */,
				7C64C5B4218362B600F2DE39 /* rrm.xcdatamodeld */,
			);
			path = rrm;
			sourceTree = "<group>";
		};
		7C64C5C4218362B800F2DE39 /* rrmTests */ = {
			isa = PBXGroup;
			children = (
				7C64C5C5218362B800F2DE39 /* rrmTests.swift */,
				7C64C5C7218362B800F2DE39 /* Info.plist */,
			);
			path = rrmTests;
			sourceTree = "<group>";
		};
		7C64C5CF218362B800F2DE39 /* rrmUITests */ = {
			isa = PBXGroup;
			children = (
				7C64C5D0218362B900F2DE39 /* rrmUITests.swift */,
				7C64C5D2218362B900F2DE39 /* Info.plist */,
			);
			path = rrmUITests;
			sourceTree = "<group>";
		};
		DFEB59D90E2983B2481E926D /* Pods */ = {
			isa = PBXGroup;
			children = (
				125EFAA2E42016547C53DF5C /* Pods-rrm.debug.xcconfig */,
				A6042CB539262A02873ADBB4 /* Pods-rrm.release.xcconfig */,
				F8FA54F86335A5BE0728FCB2 /* Pods-rrmTests.debug.xcconfig */,
				975966BEF9B4C0B0E826E3BE /* Pods-rrmTests.release.xcconfig */,
				8C1E8963AD9A454D5B330CFE /* Pods-rrmUITests.debug.xcconfig */,
				310A5D440B972DB7444DC45E /* Pods-rrmUITests.release.xcconfig */,
			);
			name = Pods;
			sourceTree = "<group>";
		};
/* End PBXGroup section */

/* Begin PBXNativeTarget section */
		7C64C5A9218362B600F2DE39 /* rrm */ = {
			isa = PBXNativeTarget;
			buildConfigurationList = 7C64C5D5218362B900F2DE39 /* Build configuration list for PBXNativeTarget "rrm" */;
			buildPhases = (
				6CD0AFC4E1764950C095856B /* [CP] Check Pods Manifest.lock */,
				7C64C5A6218362B600F2DE39 /* Sources */,
				7C64C5A7218362B600F2DE39 /* Frameworks */,
				7C64C5A8218362B600F2DE39 /* Resources */,
				013D318797850B2E4D6DBCE2 /* [CP] Embed Pods Frameworks */,
			);
			buildRules = (
			);
			dependencies = (
			);
			name = rrm;
			productName = rrm;
			productReference = 7C64C5AA218362B600F2DE39 /* rrm.app */;
			productType = "com.apple.product-type.application";
		};
		7C64C5C0218362B800F2DE39 /* rrmTests */ = {
			isa = PBXNativeTarget;
			buildConfigurationList = 7C64C5D8218362B900F2DE39 /* Build configuration list for PBXNativeTarget "rrmTests" */;
			buildPhases = (
				750B6CEFCCA84C464DF92F26 /* [CP] Check Pods Manifest.lock */,
				7C64C5BD218362B800F2DE39 /* Sources */,
				7C64C5BE218362B800F2DE39 /* Frameworks */,
				7C64C5BF218362B800F2DE39 /* Resources */,
			);
			buildRules = (
			);
			dependencies = (
				7C64C5C3218362B800F2DE39 /* PBXTargetDependency */,
			);
			name = rrmTests;
			productName = rrmTests;
			productReference = 7C64C5C1218362B800F2DE39 /* rrmTests.xctest */;
			productType = "com.apple.product-type.bundle.unit-test";
		};
		7C64C5CB218362B800F2DE39 /* rrmUITests */ = {
			isa = PBXNativeTarget;
			buildConfigurationList = 7C64C5DB218362B900F2DE39 /* Build configuration list for PBXNativeTarget "rrmUITests" */;
			buildPhases = (
				70D0DF6C0B734D0332E43A1E /* [CP] Check Pods Manifest.lock */,
				7C64C5C8218362B800F2DE39 /* Sources */,
				7C64C5C9218362B800F2DE39 /* Frameworks */,
				7C64C5CA218362B800F2DE39 /* Resources */,
			);
			buildRules = (
			);
			dependencies = (
				7C64C5CE218362B800F2DE39 /* PBXTargetDependency */,
			);
			name = rrmUITests;
			productName = rrmUITests;
			productReference = 7C64C5CC218362B800F2DE39 /* rrmUITests.xctest */;
			productType = "com.apple.product-type.bundle.ui-testing";
		};
/* End PBXNativeTarget section */

/* Begin PBXProject section */
		7C64C5A2218362B600F2DE39 /* Project object */ = {
			isa = PBXProject;
			attributes = {
				LastSwiftUpdateCheck = 1000;
				LastUpgradeCheck = 1000;
				ORGANIZATIONNAME = "Drew Sullivan, DMA";
				TargetAttributes = {
					7C64C5A9218362B600F2DE39 = {
						CreatedOnToolsVersion = 10.0;
					};
					7C64C5C0218362B800F2DE39 = {
						CreatedOnToolsVersion = 10.0;
						TestTargetID = 7C64C5A9218362B600F2DE39;
					};
					7C64C5CB218362B800F2DE39 = {
						CreatedOnToolsVersion = 10.0;
						TestTargetID = 7C64C5A9218362B600F2DE39;
					};
				};
			};
			buildConfigurationList = 7C64C5A5218362B600F2DE39 /* Build configuration list for PBXProject "rrm" */;
			compatibilityVersion = "Xcode 9.3";
			developmentRegion = en;
			hasScannedForEncodings = 0;
			knownRegions = (
				en,
				Base,
			);
			mainGroup = 7C64C5A1218362B600F2DE39;
			productRefGroup = 7C64C5AB218362B600F2DE39 /* Products */;
			projectDirPath = "";
			projectRoot = "";
			targets = (
				7C64C5A9218362B600F2DE39 /* rrm */,
				7C64C5C0218362B800F2DE39 /* rrmTests */,
				7C64C5CB218362B800F2DE39 /* rrmUITests */,
			);
		};
/* End PBXProject section */

/* Begin PBXResourcesBuildPhase section */
		7C64C5A8218362B600F2DE39 /* Resources */ = {
			isa = PBXResourcesBuildPhase;
			buildActionMask = 2147483647;
			files = (
				7C64C5BB218362B800F2DE39 /* LaunchScreen.storyboard in Resources */,
				3A9230902198B6720024F1C7 /* GoogleService-Info.plist in Resources */,
				7C64C5B8218362B800F2DE39 /* Assets.xcassets in Resources */,
				7C64C5B3218362B600F2DE39 /* Main.storyboard in Resources */,
			);
			runOnlyForDeploymentPostprocessing = 0;
		};
		7C64C5BF218362B800F2DE39 /* Resources */ = {
			isa = PBXResourcesBuildPhase;
			buildActionMask = 2147483647;
			files = (
			);
			runOnlyForDeploymentPostprocessing = 0;
		};
		7C64C5CA218362B800F2DE39 /* Resources */ = {
			isa = PBXResourcesBuildPhase;
			buildActionMask = 2147483647;
			files = (
			);
			runOnlyForDeploymentPostprocessing = 0;
		};
/* End PBXResourcesBuildPhase section */

/* Begin PBXShellScriptBuildPhase section */
		013D318797850B2E4D6DBCE2 /* [CP] Embed Pods Frameworks */ = {
			isa = PBXShellScriptBuildPhase;
			buildActionMask = 2147483647;
			files = (
			);
			inputFileListPaths = (
			);
			inputPaths = (
				"${SRCROOT}/Pods/Target Support Files/Pods-rrm/Pods-rrm-frameworks.sh",
				"${BUILT_PRODUCTS_DIR}/GoogleUtilities/GoogleUtilities.framework",
				"${BUILT_PRODUCTS_DIR}/leveldb-library/leveldb.framework",
				"${BUILT_PRODUCTS_DIR}/nanopb/nanopb.framework",
			);
			name = "[CP] Embed Pods Frameworks";
			outputFileListPaths = (
			);
			outputPaths = (
				"${TARGET_BUILD_DIR}/${FRAMEWORKS_FOLDER_PATH}/GoogleUtilities.framework",
				"${TARGET_BUILD_DIR}/${FRAMEWORKS_FOLDER_PATH}/leveldb.framework",
				"${TARGET_BUILD_DIR}/${FRAMEWORKS_FOLDER_PATH}/nanopb.framework",
			);
			runOnlyForDeploymentPostprocessing = 0;
			shellPath = /bin/sh;
			shellScript = "\"${SRCROOT}/Pods/Target Support Files/Pods-rrm/Pods-rrm-frameworks.sh\"\n";
			showEnvVarsInLog = 0;
		};
		6CD0AFC4E1764950C095856B /* [CP] Check Pods Manifest.lock */ = {
			isa = PBXShellScriptBuildPhase;
			buildActionMask = 2147483647;
			files = (
			);
			inputFileListPaths = (
			);
			inputPaths = (
				"${PODS_PODFILE_DIR_PATH}/Podfile.lock",
				"${PODS_ROOT}/Manifest.lock",
			);
			name = "[CP] Check Pods Manifest.lock";
			outputFileListPaths = (
			);
			outputPaths = (
				"$(DERIVED_FILE_DIR)/Pods-rrm-checkManifestLockResult.txt",
			);
			runOnlyForDeploymentPostprocessing = 0;
			shellPath = /bin/sh;
			shellScript = "diff \"${PODS_PODFILE_DIR_PATH}/Podfile.lock\" \"${PODS_ROOT}/Manifest.lock\" > /dev/null\nif [ $? != 0 ] ; then\n    # print error to STDERR\n    echo \"error: The sandbox is not in sync with the Podfile.lock. Run 'pod install' or update your CocoaPods installation.\" >&2\n    exit 1\nfi\n# This output is used by Xcode 'outputs' to avoid re-running this script phase.\necho \"SUCCESS\" > \"${SCRIPT_OUTPUT_FILE_0}\"\n";
			showEnvVarsInLog = 0;
		};
		70D0DF6C0B734D0332E43A1E /* [CP] Check Pods Manifest.lock */ = {
			isa = PBXShellScriptBuildPhase;
			buildActionMask = 2147483647;
			files = (
			);
			inputFileListPaths = (
			);
			inputPaths = (
				"${PODS_PODFILE_DIR_PATH}/Podfile.lock",
				"${PODS_ROOT}/Manifest.lock",
			);
			name = "[CP] Check Pods Manifest.lock";
			outputFileListPaths = (
			);
			outputPaths = (
				"$(DERIVED_FILE_DIR)/Pods-rrmUITests-checkManifestLockResult.txt",
			);
			runOnlyForDeploymentPostprocessing = 0;
			shellPath = /bin/sh;
			shellScript = "diff \"${PODS_PODFILE_DIR_PATH}/Podfile.lock\" \"${PODS_ROOT}/Manifest.lock\" > /dev/null\nif [ $? != 0 ] ; then\n    # print error to STDERR\n    echo \"error: The sandbox is not in sync with the Podfile.lock. Run 'pod install' or update your CocoaPods installation.\" >&2\n    exit 1\nfi\n# This output is used by Xcode 'outputs' to avoid re-running this script phase.\necho \"SUCCESS\" > \"${SCRIPT_OUTPUT_FILE_0}\"\n";
			showEnvVarsInLog = 0;
		};
		750B6CEFCCA84C464DF92F26 /* [CP] Check Pods Manifest.lock */ = {
			isa = PBXShellScriptBuildPhase;
			buildActionMask = 2147483647;
			files = (
			);
			inputFileListPaths = (
			);
			inputPaths = (
				"${PODS_PODFILE_DIR_PATH}/Podfile.lock",
				"${PODS_ROOT}/Manifest.lock",
			);
			name = "[CP] Check Pods Manifest.lock";
			outputFileListPaths = (
			);
			outputPaths = (
				"$(DERIVED_FILE_DIR)/Pods-rrmTests-checkManifestLockResult.txt",
			);
			runOnlyForDeploymentPostprocessing = 0;
			shellPath = /bin/sh;
			shellScript = "diff \"${PODS_PODFILE_DIR_PATH}/Podfile.lock\" \"${PODS_ROOT}/Manifest.lock\" > /dev/null\nif [ $? != 0 ] ; then\n    # print error to STDERR\n    echo \"error: The sandbox is not in sync with the Podfile.lock. Run 'pod install' or update your CocoaPods installation.\" >&2\n    exit 1\nfi\n# This output is used by Xcode 'outputs' to avoid re-running this script phase.\necho \"SUCCESS\" > \"${SCRIPT_OUTPUT_FILE_0}\"\n";
			showEnvVarsInLog = 0;
		};
/* End PBXShellScriptBuildPhase section */

/* Begin PBXSourcesBuildPhase section */
		7C64C5A6218362B600F2DE39 /* Sources */ = {
			isa = PBXSourcesBuildPhase;
			buildActionMask = 2147483647;
			files = (
				7C64C5DF2183630F00F2DE39 /* RecruiterTableViewController.swift in Sources */,
				7C64C5E9218381F300F2DE39 /* RRMUtilities.swift in Sources */,
				7C64C5E12183637300F2DE39 /* DataStore.swift in Sources */,
				7C64C5E52183651F00F2DE39 /* Position.swift in Sources */,
				3A94401E218DDBEB00C62EBB /* NewPositionViewController.swift in Sources */,
				3A944020218E6F2F00C62EBB /* PositionDetailViewController.swift in Sources */,
				3AB31FB02197409E0038307C /* PositionTableViewCell.swift in Sources */,
				7C64C5EF2183A47000F2DE39 /* RecruiterCell.swift in Sources */,
				3A04CBB8218A907000548CD6 /* NameRelationshipStatus.swift in Sources */,
				3A944024218F400000C62EBB /* PositionTableViewController.swift in Sources */,
				7C64C5ED218391BE00F2DE39 /* RecruiterDetailViewController.swift in Sources */,
				7C64C5AE218362B600F2DE39 /* AppDelegate.swift in Sources */,
				3A944027218F4D9F00C62EBB /* PositionStatus.swift in Sources */,
				7C64C5B6218362B600F2DE39 /* rrm.xcdatamodeld in Sources */,
				3A62DE1E219122B100F79A1E /* UIColor.swift in Sources */,
				3A5453A921861D270033613F /* NewRecruiterFormViewController.swift in Sources */,
				3AB31FAE219739A30038307C /* ClearbitAPI.swift in Sources */,
				3A23BCA32186A2C4002734ED /* String.swift in Sources */,
				7C64C5E32183639E00F2DE39 /* Recruiter.swift in Sources */,
				3A5453AB218621CB0033613F /* Company.swift in Sources */,
			);
			runOnlyForDeploymentPostprocessing = 0;
		};
		7C64C5BD218362B800F2DE39 /* Sources */ = {
			isa = PBXSourcesBuildPhase;
			buildActionMask = 2147483647;
			files = (
				7C64C5C6218362B800F2DE39 /* rrmTests.swift in Sources */,
			);
			runOnlyForDeploymentPostprocessing = 0;
		};
		7C64C5C8218362B800F2DE39 /* Sources */ = {
			isa = PBXSourcesBuildPhase;
			buildActionMask = 2147483647;
			files = (
				7C64C5D1218362B900F2DE39 /* rrmUITests.swift in Sources */,
			);
			runOnlyForDeploymentPostprocessing = 0;
		};
/* End PBXSourcesBuildPhase section */

/* Begin PBXTargetDependency section */
		7C64C5C3218362B800F2DE39 /* PBXTargetDependency */ = {
			isa = PBXTargetDependency;
			target = 7C64C5A9218362B600F2DE39 /* rrm */;
			targetProxy = 7C64C5C2218362B800F2DE39 /* PBXContainerItemProxy */;
		};
		7C64C5CE218362B800F2DE39 /* PBXTargetDependency */ = {
			isa = PBXTargetDependency;
			target = 7C64C5A9218362B600F2DE39 /* rrm */;
			targetProxy = 7C64C5CD218362B800F2DE39 /* PBXContainerItemProxy */;
		};
/* End PBXTargetDependency section */

/* Begin PBXVariantGroup section */
		7C64C5B1218362B600F2DE39 /* Main.storyboard */ = {
			isa = PBXVariantGroup;
			children = (
				7C64C5B2218362B600F2DE39 /* Base */,
			);
			name = Main.storyboard;
			sourceTree = "<group>";
		};
		7C64C5B9218362B800F2DE39 /* LaunchScreen.storyboard */ = {
			isa = PBXVariantGroup;
			children = (
				7C64C5BA218362B800F2DE39 /* Base */,
			);
			name = LaunchScreen.storyboard;
			sourceTree = "<group>";
		};
/* End PBXVariantGroup section */

/* Begin XCBuildConfiguration section */
		7C64C5D3218362B900F2DE39 /* Debug */ = {
			isa = XCBuildConfiguration;
			buildSettings = {
				ALWAYS_SEARCH_USER_PATHS = NO;
				CLANG_ANALYZER_NONNULL = YES;
				CLANG_ANALYZER_NUMBER_OBJECT_CONVERSION = YES_AGGRESSIVE;
				CLANG_CXX_LANGUAGE_STANDARD = "gnu++14";
				CLANG_CXX_LIBRARY = "libc++";
				CLANG_ENABLE_MODULES = YES;
				CLANG_ENABLE_OBJC_ARC = YES;
				CLANG_ENABLE_OBJC_WEAK = YES;
				CLANG_WARN_BLOCK_CAPTURE_AUTORELEASING = YES;
				CLANG_WARN_BOOL_CONVERSION = YES;
				CLANG_WARN_COMMA = YES;
				CLANG_WARN_CONSTANT_CONVERSION = YES;
				CLANG_WARN_DEPRECATED_OBJC_IMPLEMENTATIONS = YES;
				CLANG_WARN_DIRECT_OBJC_ISA_USAGE = YES_ERROR;
				CLANG_WARN_DOCUMENTATION_COMMENTS = YES;
				CLANG_WARN_EMPTY_BODY = YES;
				CLANG_WARN_ENUM_CONVERSION = YES;
				CLANG_WARN_INFINITE_RECURSION = YES;
				CLANG_WARN_INT_CONVERSION = YES;
				CLANG_WARN_NON_LITERAL_NULL_CONVERSION = YES;
				CLANG_WARN_OBJC_IMPLICIT_RETAIN_SELF = YES;
				CLANG_WARN_OBJC_LITERAL_CONVERSION = YES;
				CLANG_WARN_OBJC_ROOT_CLASS = YES_ERROR;
				CLANG_WARN_RANGE_LOOP_ANALYSIS = YES;
				CLANG_WARN_STRICT_PROTOTYPES = YES;
				CLANG_WARN_SUSPICIOUS_MOVE = YES;
				CLANG_WARN_UNGUARDED_AVAILABILITY = YES_AGGRESSIVE;
				CLANG_WARN_UNREACHABLE_CODE = YES;
				CLANG_WARN__DUPLICATE_METHOD_MATCH = YES;
				CODE_SIGN_IDENTITY = "iPhone Developer";
				COPY_PHASE_STRIP = NO;
				DEBUG_INFORMATION_FORMAT = dwarf;
				ENABLE_STRICT_OBJC_MSGSEND = YES;
				ENABLE_TESTABILITY = YES;
				GCC_C_LANGUAGE_STANDARD = gnu11;
				GCC_DYNAMIC_NO_PIC = NO;
				GCC_NO_COMMON_BLOCKS = YES;
				GCC_OPTIMIZATION_LEVEL = 0;
				GCC_PREPROCESSOR_DEFINITIONS = (
					"DEBUG=1",
					"$(inherited)",
				);
				GCC_WARN_64_TO_32_BIT_CONVERSION = YES;
				GCC_WARN_ABOUT_RETURN_TYPE = YES_ERROR;
				GCC_WARN_UNDECLARED_SELECTOR = YES;
				GCC_WARN_UNINITIALIZED_AUTOS = YES_AGGRESSIVE;
				GCC_WARN_UNUSED_FUNCTION = YES;
				GCC_WARN_UNUSED_VARIABLE = YES;
				IPHONEOS_DEPLOYMENT_TARGET = 12.0;
				MTL_ENABLE_DEBUG_INFO = INCLUDE_SOURCE;
				MTL_FAST_MATH = YES;
				ONLY_ACTIVE_ARCH = YES;
				SDKROOT = iphoneos;
				SWIFT_ACTIVE_COMPILATION_CONDITIONS = DEBUG;
				SWIFT_OPTIMIZATION_LEVEL = "-Onone";
			};
			name = Debug;
		};
		7C64C5D4218362B900F2DE39 /* Release */ = {
			isa = XCBuildConfiguration;
			buildSettings = {
				ALWAYS_SEARCH_USER_PATHS = NO;
				CLANG_ANALYZER_NONNULL = YES;
				CLANG_ANALYZER_NUMBER_OBJECT_CONVERSION = YES_AGGRESSIVE;
				CLANG_CXX_LANGUAGE_STANDARD = "gnu++14";
				CLANG_CXX_LIBRARY = "libc++";
				CLANG_ENABLE_MODULES = YES;
				CLANG_ENABLE_OBJC_ARC = YES;
				CLANG_ENABLE_OBJC_WEAK = YES;
				CLANG_WARN_BLOCK_CAPTURE_AUTORELEASING = YES;
				CLANG_WARN_BOOL_CONVERSION = YES;
				CLANG_WARN_COMMA = YES;
				CLANG_WARN_CONSTANT_CONVERSION = YES;
				CLANG_WARN_DEPRECATED_OBJC_IMPLEMENTATIONS = YES;
				CLANG_WARN_DIRECT_OBJC_ISA_USAGE = YES_ERROR;
				CLANG_WARN_DOCUMENTATION_COMMENTS = YES;
				CLANG_WARN_EMPTY_BODY = YES;
				CLANG_WARN_ENUM_CONVERSION = YES;
				CLANG_WARN_INFINITE_RECURSION = YES;
				CLANG_WARN_INT_CONVERSION = YES;
				CLANG_WARN_NON_LITERAL_NULL_CONVERSION = YES;
				CLANG_WARN_OBJC_IMPLICIT_RETAIN_SELF = YES;
				CLANG_WARN_OBJC_LITERAL_CONVERSION = YES;
				CLANG_WARN_OBJC_ROOT_CLASS = YES_ERROR;
				CLANG_WARN_RANGE_LOOP_ANALYSIS = YES;
				CLANG_WARN_STRICT_PROTOTYPES = YES;
				CLANG_WARN_SUSPICIOUS_MOVE = YES;
				CLANG_WARN_UNGUARDED_AVAILABILITY = YES_AGGRESSIVE;
				CLANG_WARN_UNREACHABLE_CODE = YES;
				CLANG_WARN__DUPLICATE_METHOD_MATCH = YES;
				CODE_SIGN_IDENTITY = "iPhone Developer";
				COPY_PHASE_STRIP = NO;
				DEBUG_INFORMATION_FORMAT = "dwarf-with-dsym";
				ENABLE_NS_ASSERTIONS = NO;
				ENABLE_STRICT_OBJC_MSGSEND = YES;
				GCC_C_LANGUAGE_STANDARD = gnu11;
				GCC_NO_COMMON_BLOCKS = YES;
				GCC_WARN_64_TO_32_BIT_CONVERSION = YES;
				GCC_WARN_ABOUT_RETURN_TYPE = YES_ERROR;
				GCC_WARN_UNDECLARED_SELECTOR = YES;
				GCC_WARN_UNINITIALIZED_AUTOS = YES_AGGRESSIVE;
				GCC_WARN_UNUSED_FUNCTION = YES;
				GCC_WARN_UNUSED_VARIABLE = YES;
				IPHONEOS_DEPLOYMENT_TARGET = 12.0;
				MTL_ENABLE_DEBUG_INFO = NO;
				MTL_FAST_MATH = YES;
				SDKROOT = iphoneos;
				SWIFT_COMPILATION_MODE = wholemodule;
				SWIFT_OPTIMIZATION_LEVEL = "-O";
				VALIDATE_PRODUCT = YES;
			};
			name = Release;
		};
		7C64C5D6218362B900F2DE39 /* Debug */ = {
			isa = XCBuildConfiguration;
			baseConfigurationReference = 125EFAA2E42016547C53DF5C /* Pods-rrm.debug.xcconfig */;
			buildSettings = {
				ASSETCATALOG_COMPILER_APPICON_NAME = AppIcon;
				CODE_SIGN_STYLE = Automatic;
				DEVELOPMENT_TEAM = 8JKMQ4CU85;
				INFOPLIST_FILE = rrm/Info.plist;
				LD_RUNPATH_SEARCH_PATHS = (
					"$(inherited)",
					"@executable_path/Frameworks",
				);
				PRODUCT_BUNDLE_IDENTIFIER = com.drewsullivandma.rrm;
				PRODUCT_NAME = "$(TARGET_NAME)";
				SWIFT_VERSION = 4.2;
				TARGETED_DEVICE_FAMILY = "1,2";
			};
			name = Debug;
		};
		7C64C5D7218362B900F2DE39 /* Release */ = {
			isa = XCBuildConfiguration;
			baseConfigurationReference = A6042CB539262A02873ADBB4 /* Pods-rrm.release.xcconfig */;
			buildSettings = {
				ASSETCATALOG_COMPILER_APPICON_NAME = AppIcon;
				CODE_SIGN_STYLE = Automatic;
				DEVELOPMENT_TEAM = 8JKMQ4CU85;
				INFOPLIST_FILE = rrm/Info.plist;
				LD_RUNPATH_SEARCH_PATHS = (
					"$(inherited)",
					"@executable_path/Frameworks",
				);
				PRODUCT_BUNDLE_IDENTIFIER = com.drewsullivandma.rrm;
				PRODUCT_NAME = "$(TARGET_NAME)";
				SWIFT_VERSION = 4.2;
				TARGETED_DEVICE_FAMILY = "1,2";
			};
			name = Release;
		};
		7C64C5D9218362B900F2DE39 /* Debug */ = {
			isa = XCBuildConfiguration;
			baseConfigurationReference = F8FA54F86335A5BE0728FCB2 /* Pods-rrmTests.debug.xcconfig */;
			buildSettings = {
				ALWAYS_EMBED_SWIFT_STANDARD_LIBRARIES = YES;
				BUNDLE_LOADER = "$(TEST_HOST)";
				CODE_SIGN_STYLE = Automatic;
				DEVELOPMENT_TEAM = 8JKMQ4CU85;
				INFOPLIST_FILE = rrmTests/Info.plist;
				LD_RUNPATH_SEARCH_PATHS = (
					"$(inherited)",
					"@executable_path/Frameworks",
					"@loader_path/Frameworks",
				);
				PRODUCT_BUNDLE_IDENTIFIER = com.drewsullivandma.rrmTests;
				PRODUCT_NAME = "$(TARGET_NAME)";
				SWIFT_VERSION = 4.2;
				TARGETED_DEVICE_FAMILY = "1,2";
				TEST_HOST = "$(BUILT_PRODUCTS_DIR)/rrm.app/rrm";
			};
			name = Debug;
		};
		7C64C5DA218362B900F2DE39 /* Release */ = {
			isa = XCBuildConfiguration;
			baseConfigurationReference = 975966BEF9B4C0B0E826E3BE /* Pods-rrmTests.release.xcconfig */;
			buildSettings = {
				ALWAYS_EMBED_SWIFT_STANDARD_LIBRARIES = YES;
				BUNDLE_LOADER = "$(TEST_HOST)";
				CODE_SIGN_STYLE = Automatic;
				DEVELOPMENT_TEAM = 8JKMQ4CU85;
				INFOPLIST_FILE = rrmTests/Info.plist;
				LD_RUNPATH_SEARCH_PATHS = (
					"$(inherited)",
					"@executable_path/Frameworks",
					"@loader_path/Frameworks",
				);
				PRODUCT_BUNDLE_IDENTIFIER = com.drewsullivandma.rrmTests;
				PRODUCT_NAME = "$(TARGET_NAME)";
				SWIFT_VERSION = 4.2;
				TARGETED_DEVICE_FAMILY = "1,2";
				TEST_HOST = "$(BUILT_PRODUCTS_DIR)/rrm.app/rrm";
			};
			name = Release;
		};
		7C64C5DC218362B900F2DE39 /* Debug */ = {
			isa = XCBuildConfiguration;
			baseConfigurationReference = 8C1E8963AD9A454D5B330CFE /* Pods-rrmUITests.debug.xcconfig */;
			buildSettings = {
				ALWAYS_EMBED_SWIFT_STANDARD_LIBRARIES = YES;
				CODE_SIGN_STYLE = Automatic;
				DEVELOPMENT_TEAM = 8JKMQ4CU85;
				INFOPLIST_FILE = rrmUITests/Info.plist;
				LD_RUNPATH_SEARCH_PATHS = (
					"$(inherited)",
					"@executable_path/Frameworks",
					"@loader_path/Frameworks",
				);
				PRODUCT_BUNDLE_IDENTIFIER = com.drewsullivandma.rrmUITests;
				PRODUCT_NAME = "$(TARGET_NAME)";
				SWIFT_VERSION = 4.2;
				TARGETED_DEVICE_FAMILY = "1,2";
				TEST_TARGET_NAME = rrm;
			};
			name = Debug;
		};
		7C64C5DD218362B900F2DE39 /* Release */ = {
			isa = XCBuildConfiguration;
			baseConfigurationReference = 310A5D440B972DB7444DC45E /* Pods-rrmUITests.release.xcconfig */;
			buildSettings = {
				ALWAYS_EMBED_SWIFT_STANDARD_LIBRARIES = YES;
				CODE_SIGN_STYLE = Automatic;
				DEVELOPMENT_TEAM = 8JKMQ4CU85;
				INFOPLIST_FILE = rrmUITests/Info.plist;
				LD_RUNPATH_SEARCH_PATHS = (
					"$(inherited)",
					"@executable_path/Frameworks",
					"@loader_path/Frameworks",
				);
				PRODUCT_BUNDLE_IDENTIFIER = com.drewsullivandma.rrmUITests;
				PRODUCT_NAME = "$(TARGET_NAME)";
				SWIFT_VERSION = 4.2;
				TARGETED_DEVICE_FAMILY = "1,2";
				TEST_TARGET_NAME = rrm;
			};
			name = Release;
		};
/* End XCBuildConfiguration section */

/* Begin XCConfigurationList section */
		7C64C5A5218362B600F2DE39 /* Build configuration list for PBXProject "rrm" */ = {
			isa = XCConfigurationList;
			buildConfigurations = (
				7C64C5D3218362B900F2DE39 /* Debug */,
				7C64C5D4218362B900F2DE39 /* Release */,
			);
			defaultConfigurationIsVisible = 0;
			defaultConfigurationName = Release;
		};
		7C64C5D5218362B900F2DE39 /* Build configuration list for PBXNativeTarget "rrm" */ = {
			isa = XCConfigurationList;
			buildConfigurations = (
				7C64C5D6218362B900F2DE39 /* Debug */,
				7C64C5D7218362B900F2DE39 /* Release */,
			);
			defaultConfigurationIsVisible = 0;
			defaultConfigurationName = Release;
		};
		7C64C5D8218362B900F2DE39 /* Build configuration list for PBXNativeTarget "rrmTests" */ = {
			isa = XCConfigurationList;
			buildConfigurations = (
				7C64C5D9218362B900F2DE39 /* Debug */,
				7C64C5DA218362B900F2DE39 /* Release */,
			);
			defaultConfigurationIsVisible = 0;
			defaultConfigurationName = Release;
		};
		7C64C5DB218362B900F2DE39 /* Build configuration list for PBXNativeTarget "rrmUITests" */ = {
			isa = XCConfigurationList;
			buildConfigurations = (
				7C64C5DC218362B900F2DE39 /* Debug */,
				7C64C5DD218362B900F2DE39 /* Release */,
			);
			defaultConfigurationIsVisible = 0;
			defaultConfigurationName = Release;
		};
/* End XCConfigurationList section */

/* Begin XCVersionGroup section */
		7C64C5B4218362B600F2DE39 /* rrm.xcdatamodeld */ = {
			isa = XCVersionGroup;
			children = (
				7C64C5B5218362B600F2DE39 /* rrm.xcdatamodel */,
			);
			currentVersion = 7C64C5B5218362B600F2DE39 /* rrm.xcdatamodel */;
			path = rrm.xcdatamodeld;
			sourceTree = "<group>";
			versionGroupType = wrapper.xcdatamodel;
		};
/* End XCVersionGroup section */
	};
	rootObject = 7C64C5A2218362B600F2DE39 /* Project object */;
}
